
Microsoft Visual Studio Solution File, Format Version 12.00
# Visual Studio Version 17
VisualStudioVersion = 17.6.33829.357
MinimumVisualStudioVersion = 10.0.40219.1
Project("{8BC9CEB8-8B4A-11D0-8D11-00A0C91BC942}") = "猜大小，折半查找", "猜大小，折半查找\猜大小，折半查找.vcxproj", "{DCD6729A-144A-4B02-B370-CB8929FDCE04}"
EndProject
Global
	GlobalSection(SolutionConfigurationPlatforms) = preSolution
		Debug|x64 = Debug|x64
		Debug|x86 = Debug|x86
		Release|x64 = Release|x64
		Release|x86 = Release|x86
	EndGlobalSection
	GlobalSection(ProjectConfigurationPlatforms) = postSolution
		{DCD6729A-144A-4B02-B370-CB8929FDCE04}.Debug|x64.ActiveCfg = Debug|x64
		{DCD6729A-144A-4B02-B370-CB8929FDCE04}.Debug|x64.Build.0 = Debug|x64
		{DCD6729A-144A-4B02-B370-CB8929FDCE04}.Debug|x86.ActiveCfg = Debug|Win32
		{DCD6729A-144A-4B02-B370-CB8929FDCE04}.Debug|x86.Build.0 = Debug|Win32
		{DCD6729A-144A-4B02-B370-CB8929FDCE04}.Release|x64.ActiveCfg = Release|x64
		{DCD6729A-144A-4B02-B370-CB8929FDCE04}.Release|x64.Build.0 = Release|x64
		{DCD6729A-144A-4B02-B370-CB8929FDCE04}.Release|x86.ActiveCfg = Release|Win32
		{DCD6729A-144A-4B02-B370-CB8929FDCE04}.Release|x86.Build.0 = Release|Win32
	EndGlobalSection
	GlobalSection(SolutionProperties) = preSolution
		HideSolutionNode = FALSE
	EndGlobalSection
	GlobalSection(ExtensibilityGlobals) = postSolution
		SolutionGuid = {411767E7-C7BA-4177-9A4F-BE263E652CFC}
	EndGlobalSection
EndGlobal
